
Microsoft Visual Studio Solution File, Format Version 12.00
# Visual Studio Version 17
VisualStudioVersion = 17.8.34322.80
MinimumVisualStudioVersion = 10.0.40219.1
Project("{FAE04EC0-301F-11D3-BF4B-00C04F79EFBC}") = "PeliculasApi", "PeliculasApi\PeliculasApi.csproj", "{66F9EB7B-16A3-413B-A60E-61A926D97FCE}"
EndProject
Global
	GlobalSection(SolutionConfigurationPlatforms) = preSolution
		Debug|Any CPU = Debug|Any CPU
		Release|Any CPU = Release|Any CPU
	EndGlobalSection
	GlobalSection(ProjectConfigurationPlatforms) = postSolution
		{66F9EB7B-16A3-413B-A60E-61A926D97FCE}.Debug|Any CPU.ActiveCfg = Debug|Any CPU
		{66F9EB7B-16A3-413B-A60E-61A926D97FCE}.Debug|Any CPU.Build.0 = Debug|Any CPU
		{66F9EB7B-16A3-413B-A60E-61A926D97FCE}.Release|Any CPU.ActiveCfg = Release|Any CPU
		{66F9EB7B-16A3-413B-A60E-61A926D97FCE}.Release|Any CPU.Build.0 = Release|Any CPU
	EndGlobalSection
	GlobalSection(SolutionProperties) = preSolution
		HideSolutionNode = FALSE
	EndGlobalSection
	GlobalSection(ExtensibilityGlobals) = postSolution
		SolutionGuid = {9EA7E0D2-229C-44EF-9870-182548790FBA}
	EndGlobalSection
EndGlobal
